// !$*UTF8*$!
{
	archiveVersion = 1;
	classes = {
	};
	objectVersion = 45;
	objects = {

/* Begin PBXBuildFile section */
		1DDD58160DA1D0A300B32029 /* MainMenu.xib in Resources */ = {isa = PBXBuildFile; fileRef = 1DDD58140DA1D0A300B32029 /* MainMenu.xib */; };
		8D11072B0486CEB800E47090 /* InfoPlist.strings in Resources */ = {isa = PBXBuildFile; fileRef = 089C165CFE840E0CC02AAC07 /* InfoPlist.strings */; };
		8D11072D0486CEB800E47090 /* main.m in Sources */ = {isa = PBXBuildFile; fileRef = 29B97316FDCFA39411CA2CEA /* main.m */; settings = {ATTRIBUTES = (); }; };
		8D11072F0486CEB800E47090 /* Cocoa.framework in Frameworks */ = {isa = PBXBuildFile; fileRef = 1058C7A1FEA54F0111CA2CBB /* Cocoa.framework */; };
		D246D5DA0F7AB48A004A02AC /* TomatoController.m in Sources */ = {isa = PBXBuildFile; fileRef = D246D5D90F7AB48A004A02AC /* TomatoController.m */; };
		D269AC280F7D398400F1E262 /* TomatoWindow.m in Sources */ = {isa = PBXBuildFile; fileRef = D269AC270F7D398400F1E262 /* TomatoWindow.m */; };
		D269AC360F7D3B0700F1E262 /* TomatoView.m in Sources */ = {isa = PBXBuildFile; fileRef = D269AC350F7D3B0700F1E262 /* TomatoView.m */; };
		D269AC590F7D3D2700F1E262 /* tomato.tiff in Resources */ = {isa = PBXBuildFile; fileRef = D269AC580F7D3D2700F1E262 /* tomato.tiff */; };
		D2A980270F7B92BC003EC938 /* ScriptingBridge.framework in Frameworks */ = {isa = PBXBuildFile; fileRef = D2A980260F7B92BC003EC938 /* ScriptingBridge.framework */; };
		D2C4BB6D0FAF786D006F7A5C /* TomatoTimer.m in Sources */ = {isa = PBXBuildFile; fileRef = D2C4BB6C0FAF786D006F7A5C /* TomatoTimer.m */; };
		D2C4BC180FAF8614006F7A5C /* TomatoSound.m in Sources */ = {isa = PBXBuildFile; fileRef = D2C4BC170FAF8614006F7A5C /* TomatoSound.m */; };
		D2C4BC430FAF87E0006F7A5C /* TomatoIChat.m in Sources */ = {isa = PBXBuildFile; fileRef = D2C4BC420FAF87E0006F7A5C /* TomatoIChat.m */; };
		D2C4BC800FAF8AD6006F7A5C /* TomatoDock.m in Sources */ = {isa = PBXBuildFile; fileRef = D2C4BC7F0FAF8AD6006F7A5C /* TomatoDock.m */; };
		D2FB4A460F7AC6F80097B5A0 /* Bell.aif in Resources */ = {isa = PBXBuildFile; fileRef = D2FB4A450F7AC6F80097B5A0 /* Bell.aif */; };
		D2FB4A480F7AC7120097B5A0 /* Hamon.aif in Resources */ = {isa = PBXBuildFile; fileRef = D2FB4A470F7AC7120097B5A0 /* Hamon.aif */; };
		D2FB4AA50F7ACEEA0097B5A0 /* AudioToolbox.framework in Frameworks */ = {isa = PBXBuildFile; fileRef = D2FB4AA40F7ACEEA0097B5A0 /* AudioToolbox.framework */; };
		D2FB4AE20F7AD3500097B5A0 /* tomato.icns in Resources */ = {isa = PBXBuildFile; fileRef = D2FB4AE10F7AD3500097B5A0 /* tomato.icns */; };
/* End PBXBuildFile section */

/* Begin PBXFileReference section */
		089C165DFE840E0CC02AAC07 /* English */ = {isa = PBXFileReference; fileEncoding = 10; lastKnownFileType = text.plist.strings; name = English; path = English.lproj/InfoPlist.strings; sourceTree = "<group>"; };
		1058C7A1FEA54F0111CA2CBB /* Cocoa.framework */ = {isa = PBXFileReference; lastKnownFileType = wrapper.framework; name = Cocoa.framework; path = /System/Library/Frameworks/Cocoa.framework; sourceTree = "<absolute>"; };
		13E42FB307B3F0F600E4EEF1 /* CoreData.framework */ = {isa = PBXFileReference; lastKnownFileType = wrapper.framework; name = CoreData.framework; path = /System/Library/Frameworks/CoreData.framework; sourceTree = "<absolute>"; };
		1DDD58150DA1D0A300B32029 /* English */ = {isa = PBXFileReference; lastKnownFileType = file.xib; name = English; path = English.lproj/MainMenu.xib; sourceTree = "<group>"; };
		29B97316FDCFA39411CA2CEA /* main.m */ = {isa = PBXFileReference; fileEncoding = 4; lastKnownFileType = sourcecode.c.objc; path = main.m; sourceTree = "<group>"; };
		29B97324FDCFA39411CA2CEA /* AppKit.framework */ = {isa = PBXFileReference; lastKnownFileType = wrapper.framework; name = AppKit.framework; path = /System/Library/Frameworks/AppKit.framework; sourceTree = "<absolute>"; };
		29B97325FDCFA39411CA2CEA /* Foundation.framework */ = {isa = PBXFileReference; lastKnownFileType = wrapper.framework; name = Foundation.framework; path = /System/Library/Frameworks/Foundation.framework; sourceTree = "<absolute>"; };
		32CA4F630368D1EE00C91783 /* Tomato_Prefix.pch */ = {isa = PBXFileReference; fileEncoding = 4; lastKnownFileType = sourcecode.c.h; path = Tomato_Prefix.pch; sourceTree = "<group>"; };
		8D1107310486CEB800E47090 /* Info.plist */ = {isa = PBXFileReference; fileEncoding = 4; lastKnownFileType = text.plist.xml; path = Info.plist; sourceTree = "<group>"; };
		8D1107320486CEB800E47090 /* Tomato.app */ = {isa = PBXFileReference; explicitFileType = wrapper.application; includeInIndex = 0; path = Tomato.app; sourceTree = BUILT_PRODUCTS_DIR; };
		D246D5D80F7AB48A004A02AC /* TomatoController.h */ = {isa = PBXFileReference; fileEncoding = 4; lastKnownFileType = sourcecode.c.h; path = TomatoController.h; sourceTree = "<group>"; };
		D246D5D90F7AB48A004A02AC /* TomatoController.m */ = {isa = PBXFileReference; fileEncoding = 4; lastKnownFileType = sourcecode.c.objc; path = TomatoController.m; sourceTree = "<group>"; };
		D269AC260F7D398400F1E262 /* TomatoWindow.h */ = {isa = PBXFileReference; fileEncoding = 4; lastKnownFileType = sourcecode.c.h; path = TomatoWindow.h; sourceTree = "<group>"; };
		D269AC270F7D398400F1E262 /* TomatoWindow.m */ = {isa = PBXFileReference; fileEncoding = 4; lastKnownFileType = sourcecode.c.objc; path = TomatoWindow.m; sourceTree = "<group>"; };
		D269AC340F7D3B0700F1E262 /* TomatoView.h */ = {isa = PBXFileReference; fileEncoding = 4; lastKnownFileType = sourcecode.c.h; path = TomatoView.h; sourceTree = "<group>"; };
		D269AC350F7D3B0700F1E262 /* TomatoView.m */ = {isa = PBXFileReference; fileEncoding = 4; lastKnownFileType = sourcecode.c.objc; path = TomatoView.m; sourceTree = "<group>"; };
		D269AC580F7D3D2700F1E262 /* tomato.tiff */ = {isa = PBXFileReference; lastKnownFileType = image.tiff; path = tomato.tiff; sourceTree = "<group>"; };
		D2A980260F7B92BC003EC938 /* ScriptingBridge.framework */ = {isa = PBXFileReference; lastKnownFileType = wrapper.framework; name = ScriptingBridge.framework; path = System/Library/Frameworks/ScriptingBridge.framework; sourceTree = SDKROOT; };
		D2A980360F7B9407003EC938 /* iChat.h */ = {isa = PBXFileReference; fileEncoding = 4; lastKnownFileType = sourcecode.c.h; path = iChat.h; sourceTree = "<group>"; };
		D2C4BB6B0FAF786D006F7A5C /* TomatoTimer.h */ = {isa = PBXFileReference; fileEncoding = 4; lastKnownFileType = sourcecode.c.h; path = TomatoTimer.h; sourceTree = "<group>"; };
		D2C4BB6C0FAF786D006F7A5C /* TomatoTimer.m */ = {isa = PBXFileReference; fileEncoding = 4; lastKnownFileType = sourcecode.c.objc; path = TomatoTimer.m; sourceTree = "<group>"; };
		D2C4BC160FAF8614006F7A5C /* TomatoSound.h */ = {isa = PBXFileReference; fileEncoding = 4; lastKnownFileType = sourcecode.c.h; path = TomatoSound.h; sourceTree = "<group>"; };
		D2C4BC170FAF8614006F7A5C /* TomatoSound.m */ = {isa = PBXFileReference; fileEncoding = 4; lastKnownFileType = sourcecode.c.objc; path = TomatoSound.m; sourceTree = "<group>"; };
		D2C4BC410FAF87E0006F7A5C /* TomatoIChat.h */ = {isa = PBXFileReference; fileEncoding = 4; lastKnownFileType = sourcecode.c.h; path = TomatoIChat.h; sourceTree = "<group>"; };
		D2C4BC420FAF87E0006F7A5C /* TomatoIChat.m */ = {isa = PBXFileReference; fileEncoding = 4; lastKnownFileType = sourcecode.c.objc; path = TomatoIChat.m; sourceTree = "<group>"; };
		D2C4BC7E0FAF8AD6006F7A5C /* TomatoDock.h */ = {isa = PBXFileReference; fileEncoding = 4; lastKnownFileType = sourcecode.c.h; path = TomatoDock.h; sourceTree = "<group>"; };
		D2C4BC7F0FAF8AD6006F7A5C /* TomatoDock.m */ = {isa = PBXFileReference; fileEncoding = 4; lastKnownFileType = sourcecode.c.objc; path = TomatoDock.m; sourceTree = "<group>"; };
		D2FB4A450F7AC6F80097B5A0 /* Bell.aif */ = {isa = PBXFileReference; lastKnownFileType = file; path = Bell.aif; sourceTree = "<group>"; };
		D2FB4A470F7AC7120097B5A0 /* Hamon.aif */ = {isa = PBXFileReference; lastKnownFileType = file; path = Hamon.aif; sourceTree = "<group>"; };
		D2FB4AA40F7ACEEA0097B5A0 /* AudioToolbox.framework */ = {isa = PBXFileReference; lastKnownFileType = wrapper.framework; name = AudioToolbox.framework; path = System/Library/Frameworks/AudioToolbox.framework; sourceTree = SDKROOT; };
		D2FB4AE10F7AD3500097B5A0 /* tomato.icns */ = {isa = PBXFileReference; lastKnownFileType = image.icns; path = tomato.icns; sourceTree = "<group>"; };
/* End PBXFileReference section */

/* Begin PBXFrameworksBuildPhase section */
		8D11072E0486CEB800E47090 /* Frameworks */ = {
			isa = PBXFrameworksBuildPhase;
			buildActionMask = 2147483647;
			files = (
				8D11072F0486CEB800E47090 /* Cocoa.framework in Frameworks */,
				D2FB4AA50F7ACEEA0097B5A0 /* AudioToolbox.framework in Frameworks */,
				D2A980270F7B92BC003EC938 /* ScriptingBridge.framework in Frameworks */,
			);
			runOnlyForDeploymentPostprocessing = 0;
		};
/* End PBXFrameworksBuildPhase section */

/* Begin PBXGroup section */
		080E96DDFE201D6D7F000001 /* Classes */ = {
			isa = PBXGroup;
			children = (
				D246D5D80F7AB48A004A02AC /* TomatoController.h */,
				D246D5D90F7AB48A004A02AC /* TomatoController.m */,
				D269AC260F7D398400F1E262 /* TomatoWindow.h */,
				D269AC270F7D398400F1E262 /* TomatoWindow.m */,
				D269AC340F7D3B0700F1E262 /* TomatoView.h */,
				D269AC350F7D3B0700F1E262 /* TomatoView.m */,
				D2C4BB6B0FAF786D006F7A5C /* TomatoTimer.h */,
				D2C4BB6C0FAF786D006F7A5C /* TomatoTimer.m */,
				D2C4BC160FAF8614006F7A5C /* TomatoSound.h */,
				D2C4BC170FAF8614006F7A5C /* TomatoSound.m */,
				D2C4BC410FAF87E0006F7A5C /* TomatoIChat.h */,
				D2C4BC420FAF87E0006F7A5C /* TomatoIChat.m */,
				D2C4BC7E0FAF8AD6006F7A5C /* TomatoDock.h */,
				D2C4BC7F0FAF8AD6006F7A5C /* TomatoDock.m */,
			);
			name = Classes;
			sourceTree = "<group>";
		};
		1058C7A0FEA54F0111CA2CBB /* Linked Frameworks */ = {
			isa = PBXGroup;
			children = (
				1058C7A1FEA54F0111CA2CBB /* Cocoa.framework */,
			);
			name = "Linked Frameworks";
			sourceTree = "<group>";
		};
		1058C7A2FEA54F0111CA2CBB /* Other Frameworks */ = {
			isa = PBXGroup;
			children = (
				29B97324FDCFA39411CA2CEA /* AppKit.framework */,
				13E42FB307B3F0F600E4EEF1 /* CoreData.framework */,
				29B97325FDCFA39411CA2CEA /* Foundation.framework */,
			);
			name = "Other Frameworks";
			sourceTree = "<group>";
		};
		19C28FACFE9D520D11CA2CBB /* Products */ = {
			isa = PBXGroup;
			children = (
				8D1107320486CEB800E47090 /* Tomato.app */,
			);
			name = Products;
			sourceTree = "<group>";
		};
		29B97314FDCFA39411CA2CEA /* Tomato */ = {
			isa = PBXGroup;
			children = (
				080E96DDFE201D6D7F000001 /* Classes */,
				29B97315FDCFA39411CA2CEA /* Other Sources */,
				29B97317FDCFA39411CA2CEA /* Resources */,
				29B97323FDCFA39411CA2CEA /* Frameworks */,
				19C28FACFE9D520D11CA2CBB /* Products */,
			);
			name = Tomato;
			sourceTree = "<group>";
		};
		29B97315FDCFA39411CA2CEA /* Other Sources */ = {
			isa = PBXGroup;
			children = (
				D2A980360F7B9407003EC938 /* iChat.h */,
				32CA4F630368D1EE00C91783 /* Tomato_Prefix.pch */,
				29B97316FDCFA39411CA2CEA /* main.m */,
			);
			name = "Other Sources";
			sourceTree = "<group>";
		};
		29B97317FDCFA39411CA2CEA /* Resources */ = {
			isa = PBXGroup;
			children = (
				D269AC580F7D3D2700F1E262 /* tomato.tiff */,
				D2FB4AE10F7AD3500097B5A0 /* tomato.icns */,
				D2FB4A470F7AC7120097B5A0 /* Hamon.aif */,
				D2FB4A450F7AC6F80097B5A0 /* Bell.aif */,
				8D1107310486CEB800E47090 /* Info.plist */,
				089C165CFE840E0CC02AAC07 /* InfoPlist.strings */,
				1DDD58140DA1D0A300B32029 /* MainMenu.xib */,
			);
			name = Resources;
			sourceTree = "<group>";
		};
		29B97323FDCFA39411CA2CEA /* Frameworks */ = {
			isa = PBXGroup;
			children = (
				D2A980260F7B92BC003EC938 /* ScriptingBridge.framework */,
				D2FB4AA40F7ACEEA0097B5A0 /* AudioToolbox.framework */,
				1058C7A0FEA54F0111CA2CBB /* Linked Frameworks */,
				1058C7A2FEA54F0111CA2CBB /* Other Frameworks */,
			);
			name = Frameworks;
			sourceTree = "<group>";
		};
/* End PBXGroup section */

/* Begin PBXNativeTarget section */
		8D1107260486CEB800E47090 /* Tomato */ = {
			isa = PBXNativeTarget;
			buildConfigurationList = C01FCF4A08A954540054247B /* Build configuration list for PBXNativeTarget "Tomato" */;
			buildPhases = (
				8D1107290486CEB800E47090 /* Resources */,
				8D11072C0486CEB800E47090 /* Sources */,
				8D11072E0486CEB800E47090 /* Frameworks */,
			);
			buildRules = (
			);
			dependencies = (
			);
			name = Tomato;
			productInstallPath = "$(HOME)/Applications";
			productName = Tomato;
			productReference = 8D1107320486CEB800E47090 /* Tomato.app */;
			productType = "com.apple.product-type.application";
		};
/* End PBXNativeTarget section */

/* Begin PBXProject section */
		29B97313FDCFA39411CA2CEA /* Project object */ = {
			isa = PBXProject;
			buildConfigurationList = C01FCF4E08A954540054247B /* Build configuration list for PBXProject "Tomato" */;
			compatibilityVersion = "Xcode 3.1";
			hasScannedForEncodings = 1;
			mainGroup = 29B97314FDCFA39411CA2CEA /* Tomato */;
			projectDirPath = "";
			projectRoot = "";
			targets = (
				8D1107260486CEB800E47090 /* Tomato */,
			);
		};
/* End PBXProject section */

/* Begin PBXResourcesBuildPhase section */
		8D1107290486CEB800E47090 /* Resources */ = {
			isa = PBXResourcesBuildPhase;
			buildActionMask = 2147483647;
			files = (
				8D11072B0486CEB800E47090 /* InfoPlist.strings in Resources */,
				1DDD58160DA1D0A300B32029 /* MainMenu.xib in Resources */,
				D2FB4A460F7AC6F80097B5A0 /* Bell.aif in Resources */,
				D2FB4A480F7AC7120097B5A0 /* Hamon.aif in Resources */,
				D2FB4AE20F7AD3500097B5A0 /* tomato.icns in Resources */,
				D269AC590F7D3D2700F1E262 /* tomato.tiff in Resources */,
			);
			runOnlyForDeploymentPostprocessing = 0;
		};
/* End PBXResourcesBuildPhase section */

/* Begin PBXSourcesBuildPhase section */
		8D11072C0486CEB800E47090 /* Sources */ = {
			isa = PBXSourcesBuildPhase;
			buildActionMask = 2147483647;
			files = (
				8D11072D0486CEB800E47090 /* main.m in Sources */,
				D246D5DA0F7AB48A004A02AC /* TomatoController.m in Sources */,
				D269AC280F7D398400F1E262 /* TomatoWindow.m in Sources */,
				D269AC360F7D3B0700F1E262 /* TomatoView.m in Sources */,
				D2C4BB6D0FAF786D006F7A5C /* TomatoTimer.m in Sources */,
				D2C4BC180FAF8614006F7A5C /* TomatoSound.m in Sources */,
				D2C4BC430FAF87E0006F7A5C /* TomatoIChat.m in Sources */,
				D2C4BC800FAF8AD6006F7A5C /* TomatoDock.m in Sources */,
			);
			runOnlyForDeploymentPostprocessing = 0;
		};
/* End PBXSourcesBuildPhase section */

/* Begin PBXVariantGroup section */
		089C165CFE840E0CC02AAC07 /* InfoPlist.strings */ = {
			isa = PBXVariantGroup;
			children = (
				089C165DFE840E0CC02AAC07 /* English */,
			);
			name = InfoPlist.strings;
			sourceTree = "<group>";
		};
		1DDD58140DA1D0A300B32029 /* MainMenu.xib */ = {
			isa = PBXVariantGroup;
			children = (
				1DDD58150DA1D0A300B32029 /* English */,
			);
			name = MainMenu.xib;
			sourceTree = "<group>";
		};
/* End PBXVariantGroup section */

/* Begin XCBuildConfiguration section */
		C01FCF4B08A954540054247B /* Debug */ = {
			isa = XCBuildConfiguration;
			buildSettings = {
				ALWAYS_SEARCH_USER_PATHS = NO;
				COPY_PHASE_STRIP = NO;
				GCC_DYNAMIC_NO_PIC = NO;
				GCC_ENABLE_FIX_AND_CONTINUE = YES;
				GCC_MODEL_TUNING = G5;
				GCC_OPTIMIZATION_LEVEL = 0;
				GCC_PRECOMPILE_PREFIX_HEADER = YES;
				GCC_PREFIX_HEADER = Tomato_Prefix.pch;
				INFOPLIST_FILE = Info.plist;
				INSTALL_PATH = "$(HOME)/Applications";
				PRODUCT_NAME = Tomato;
			};
			name = Debug;
		};
		C01FCF4C08A954540054247B /* Release */ = {
			isa = XCBuildConfiguration;
			buildSettings = {
				ALWAYS_SEARCH_USER_PATHS = NO;
				DEBUG_INFORMATION_FORMAT = "dwarf-with-dsym";
				GCC_MODEL_TUNING = G5;
				GCC_PRECOMPILE_PREFIX_HEADER = YES;
				GCC_PREFIX_HEADER = Tomato_Prefix.pch;
				INFOPLIST_FILE = Info.plist;
				INSTALL_PATH = "$(HOME)/Applications";
				PRODUCT_NAME = Tomato;
			};
			name = Release;
		};
		C01FCF4F08A954540054247B /* Debug */ = {
			isa = XCBuildConfiguration;
			buildSettings = {
				ARCHS = "$(ARCHS_STANDARD_32_BIT)";
				GCC_C_LANGUAGE_STANDARD = c99;
				GCC_OPTIMIZATION_LEVEL = 0;
				GCC_WARN_ABOUT_RETURN_TYPE = YES;
				GCC_WARN_UNUSED_VARIABLE = YES;
				ONLY_ACTIVE_ARCH = YES;
				PREBINDING = NO;
				SDKROOT = macosx10.5;
			};
			name = Debug;
		};
		C01FCF5008A954540054247B /* Release */ = {
			isa = XCBuildConfiguration;
			buildSettings = {
				ARCHS = "$(ARCHS_STANDARD_32_BIT)";
				GCC_C_LANGUAGE_STANDARD = c99;
				GCC_WARN_ABOUT_RETURN_TYPE = YES;
				GCC_WARN_UNUSED_VARIABLE = YES;
				PREBINDING = NO;
				SDKROOT = macosx10.5;
			};
			name = Release;
		};
/* End XCBuildConfiguration section */

/* Begin XCConfigurationList section */
		C01FCF4A08A954540054247B /* Build configuration list for PBXNativeTarget "Tomato" */ = {
			isa = XCConfigurationList;
			buildConfigurations = (
				C01FCF4B08A954540054247B /* Debug */,
				C01FCF4C08A954540054247B /* Release */,
			);
			defaultConfigurationIsVisible = 0;
			defaultConfigurationName = Release;
		};
		C01FCF4E08A954540054247B /* Build configuration list for PBXProject "Tomato" */ = {
			isa = XCConfigurationList;
			buildConfigurations = (
				C01FCF4F08A954540054247B /* Debug */,
				C01FCF5008A954540054247B /* Release */,
			);
			defaultConfigurationIsVisible = 0;
			defaultConfigurationName = Release;
		};
/* End XCConfigurationList section */
	};
	rootObject = 29B97313FDCFA39411CA2CEA /* Project object */;
}
